
Microsoft Visual Studio Solution File, Format Version 12.00
# Visual Studio Version 17
VisualStudioVersion = 17.7.34031.279
MinimumVisualStudioVersion = 10.0.40219.1
Project("{FAE04EC0-301F-11D3-BF4B-00C04F79EFBC}") = "weatherapp-api", "weatherapp-api\weatherapp-api.csproj", "{B7AA1413-84B2-45FB-BA45-EF18D0763274}"
EndProject
Project("{FAE04EC0-301F-11D3-BF4B-00C04F79EFBC}") = "weatherapp-api.Tests", "weatherapp-api.Tests\weatherapp-api.Tests.csproj", "{77BE170B-4FE2-4A2E-917F-3A7D09F3FD3B}"
EndProject
Global
	GlobalSection(SolutionConfigurationPlatforms) = preSolution
		Debug|Any CPU = Debug|Any CPU
		Release|Any CPU = Release|Any CPU
	EndGlobalSection
	GlobalSection(ProjectConfigurationPlatforms) = postSolution
		{B7AA1413-84B2-45FB-BA45-EF18D0763274}.Debug|Any CPU.ActiveCfg = Debug|Any CPU
		{B7AA1413-84B2-45FB-BA45-EF18D0763274}.Debug|Any CPU.Build.0 = Debug|Any CPU
		{B7AA1413-84B2-45FB-BA45-EF18D0763274}.Release|Any CPU.ActiveCfg = Release|Any CPU
		{B7AA1413-84B2-45FB-BA45-EF18D0763274}.Release|Any CPU.Build.0 = Release|Any CPU
		{77BE170B-4FE2-4A2E-917F-3A7D09F3FD3B}.Debug|Any CPU.ActiveCfg = Debug|Any CPU
		{77BE170B-4FE2-4A2E-917F-3A7D09F3FD3B}.Debug|Any CPU.Build.0 = Debug|Any CPU
		{77BE170B-4FE2-4A2E-917F-3A7D09F3FD3B}.Release|Any CPU.ActiveCfg = Release|Any CPU
		{77BE170B-4FE2-4A2E-917F-3A7D09F3FD3B}.Release|Any CPU.Build.0 = Release|Any CPU
	EndGlobalSection
	GlobalSection(SolutionProperties) = preSolution
		HideSolutionNode = FALSE
	EndGlobalSection
	GlobalSection(ExtensibilityGlobals) = postSolution
		SolutionGuid = {8750CC1A-99FF-4BD5-A153-2A263D4B088A}
	EndGlobalSection
EndGlobal
